# THIS IS AN AUTOGENERATED FILE. DO NOT EDIT THIS FILE DIRECTLY.
# yarn lockfile v1


"@recap.dev/babel-plugin@^1.0.3":
  version "1.0.3"
  resolved "https://registry.yarnpkg.com/@recap.dev/babel-plugin/-/babel-plugin-1.0.3.tgz#0d216568813fcde584c97db9aec063e8943e3bb5"
  integrity sha512-qcdVQt7m+++Bm68GkVcwKZcLBEFJRNiz1OYyt5EE9dcyGWRd9QiC+iSy+IPAiQwdKUHPrGiDUR2bQ1gauxrxzA==
  dependencies:
    lodash.get "^4.4.2"

"@recap.dev/client@^1.10.0":
  version "1.10.0"
  resolved "https://registry.yarnpkg.com/@recap.dev/client/-/client-1.10.0.tgz#2f8adc28dd8dcabe8f0e9a9c9eda5cf0be01bcbf"
  integrity sha512-JzVEteTAKGWtwGP6jH7bX459XWFfTlXcXpOQ/xPzpo5Ob6KIVBt0ryV47GY31Mx5ad9TVv/kWp0WYkBGzF/IMQ==
  dependencies:
    lodash-es "^4.17.15"
    node-fetch "^2.6.0"
    node-sql-parser "^3.1.0"
    reflect-metadata "^0.1.13"
    serialize-error "^6.0.0"
    shimmer "^1.2.1"
    uuid "^8.3.0"

big-integer@^1.6.48:
  version "1.6.48"
  resolved "https://registry.yarnpkg.com/big-integer/-/big-integer-1.6.48.tgz#8fd88bd1632cba4a1c8c3e3d7159f08bb95b4b9e"
  integrity sha512-j51egjPa7/i+RdiRuJbPdJ2FIUYYPhvYLjzoYbcMMm62ooO6F94fETG4MTs46zPAF9Brs04OajboA/qTGuz78w==

lodash-es@^4.17.15:
  version "4.17.20"
  resolved "https://registry.yarnpkg.com/lodash-es/-/lodash-es-4.17.20.tgz#29f6332eefc60e849f869c264bc71126ad61e8f7"
  integrity sha512-JD1COMZsq8maT6mnuz1UMV0jvYD0E0aUsSOdrr1/nAG3dhqQXwRRgeW0cSqH1U43INKcqxaiVIQNOUDld7gRDA==

lodash.get@^4.4.2:
  version "4.4.2"
  resolved "https://registry.yarnpkg.com/lodash.get/-/lodash.get-4.4.2.tgz#2d177f652fa31e939b4438d5341499dfa3825e99"
  integrity sha1-LRd/ZS+jHpObRDjVNBSZ36OCXpk=

node-fetch@^2.6.0:
  version "2.6.1"
  resolved "https://registry.yarnpkg.com/node-fetch/-/node-fetch-2.6.1.tgz#045bd323631f76ed2e2b55573394416b639a0052"
  integrity sha512-V4aYg89jEoVRxRb2fJdAg8FHvI7cEyYdVAh94HH0UIK8oJxUfkjlDQN9RbMx+bEjP7+ggMiFRprSti032Oipxw==

node-sql-parser@^3.1.0:
  version "3.1.0"
  resolved "https://registry.yarnpkg.com/node-sql-parser/-/node-sql-parser-3.1.0.tgz#997e51581e89a218a91cabc2e863b072b5f9969f"
  integrity sha512-bm1vct9T8EtPi4/z8GA/UbN/xEwfUQsqhvmgnwyNMRSiQ4jvukCE4Esl363HbnBnXFhc5T4V9DuO29pWtC0q6w==
  dependencies:
    big-integer "^1.6.48"

reflect-metadata@^0.1.13:
  version "0.1.13"
  resolved "https://registry.yarnpkg.com/reflect-metadata/-/reflect-metadata-0.1.13.tgz#67ae3ca57c972a2aa1642b10fe363fe32d49dc08"
  integrity sha512-Ts1Y/anZELhSsjMcU605fU9RE4Oi3p5ORujwbIKXfWa+0Zxs510Qrmrce5/Jowq3cHSZSJqBjypxmHarc+vEWg==

serialize-error@^6.0.0:
  version "6.0.0"
  resolved "https://registry.yarnpkg.com/serialize-error/-/serialize-error-6.0.0.tgz#ccfb887a1dd1c48d6d52d7863b92544331fd752b"
  integrity sha512-3vmBkMZLQO+BR4RPHcyRGdE09XCF6cvxzk2N2qn8Er3F91cy8Qt7VvEbZBOpaL53qsBbe2cFOefU6tRY6WDelA==
  dependencies:
    type-fest "^0.12.0"

shimmer@^1.2.1:
  version "1.2.1"
  resolved "https://registry.yarnpkg.com/shimmer/-/shimmer-1.2.1.tgz#610859f7de327b587efebf501fb43117f9aff337"
  integrity sha512-sQTKC1Re/rM6XyFM6fIAGHRPVGvyXfgzIDvzoq608vM+jeyVD0Tu1E6Np0Kc2zAIFWIj963V2800iF/9LPieQw==

type-fest@^0.12.0:
  version "0.12.0"
  resolved "https://registry.yarnpkg.com/type-fest/-/type-fest-0.12.0.tgz#f57a27ab81c68d136a51fd71467eff94157fa1ee"
  integrity sha512-53RyidyjvkGpnWPMF9bQgFtWp+Sl8O2Rp13VavmJgfAP9WWG6q6TkrKU8iyJdnwnfgHI6k2hTlgqH4aSdjoTbg==

uuid@^8.3.0:
  version "8.3.2"
  resolved "https://registry.yarnpkg.com/uuid/-/uuid-8.3.2.tgz#80d5b5ced271bb9af6c445f21a1a04c606cefbe2"
  integrity sha512-+NYs2QeMWy+GWFOEm9xnn6HCDp0l7QBD7ml8zLUmJ+93Q5NF0NocErnwkTkXVFNiX3/fpC6afS8Dhb/gz7R7eg==
