# THIS IS AN AUTOGENERATED FILE. DO NOT EDIT THIS FILE DIRECTLY.
# yarn lockfile v1


"@recap.dev/babel-plugin@^1.0.3":
  version "1.0.3"
  resolved "https://registry.yarnpkg.com/@recap.dev/babel-plugin/-/babel-plugin-1.0.3.tgz#0d216568813fcde584c97db9aec063e8943e3bb5"
  integrity sha512-qcdVQt7m+++Bm68GkVcwKZcLBEFJRNiz1OYyt5EE9dcyGWRd9QiC+iSy+IPAiQwdKUHPrGiDUR2bQ1gauxrxzA==
  dependencies:
    lodash.get "^4.4.2"

lodash.get@^4.4.2:
  version "4.4.2"
  resolved "https://registry.yarnpkg.com/lodash.get/-/lodash.get-4.4.2.tgz#2d177f652fa31e939b4438d5341499dfa3825e99"
  integrity sha1-LRd/ZS+jHpObRDjVNBSZ36OCXpk=
